// !$*UTF8*$!
{
	archiveVersion = 1;
	classes = {
	};
	objectVersion = 50;
	objects = {

/* Begin PBXBuildFile section */
		87C7681F2589F85500B96333 /* AppDelegate.swift in Sources */ = {isa = PBXBuildFile; fileRef = 87C7681E2589F85500B96333 /* AppDelegate.swift */; };
		87C768212589F85500B96333 /* SceneDelegate.swift in Sources */ = {isa = PBXBuildFile; fileRef = 87C768202589F85500B96333 /* SceneDelegate.swift */; };
		87C768232589F85500B96333 /* ViewController.swift in Sources */ = {isa = PBXBuildFile; fileRef = 87C768222589F85500B96333 /* ViewController.swift */; };
		87C768262589F85500B96333 /* Main.storyboard in Resources */ = {isa = PBXBuildFile; fileRef = 87C768242589F85500B96333 /* Main.storyboard */; };
		87C768282589F85800B96333 /* Assets.xcassets in Resources */ = {isa = PBXBuildFile; fileRef = 87C768272589F85800B96333 /* Assets.xcassets */; };
		87C7682B2589F85800B96333 /* LaunchScreen.storyboard in Resources */ = {isa = PBXBuildFile; fileRef = 87C768292589F85800B96333 /* LaunchScreen.storyboard */; };
		87C768362589F85800B96333 /* TabVieTests.swift in Sources */ = {isa = PBXBuildFile; fileRef = 87C768352589F85800B96333 /* TabVieTests.swift */; };
		87C768412589F85800B96333 /* TabVieUITests.swift in Sources */ = {isa = PBXBuildFile; fileRef = 87C768402589F85800B96333 /* TabVieUITests.swift */; };
/* End PBXBuildFile section */

/* Begin PBXContainerItemProxy section */
		87C768322589F85800B96333 /* PBXContainerItemProxy */ = {
			isa = PBXContainerItemProxy;
			containerPortal = 87C768132589F85400B96333 /* Project object */;
			proxyType = 1;
			remoteGlobalIDString = 87C7681A2589F85400B96333;
			remoteInfo = TabVie;
		};
		87C7683D2589F85800B96333 /* PBXContainerItemProxy */ = {
			isa = PBXContainerItemProxy;
			containerPortal = 87C768132589F85400B96333 /* Project object */;
			proxyType = 1;
			remoteGlobalIDString = 87C7681A2589F85400B96333;
			remoteInfo = TabVie;
		};
/* End PBXContainerItemProxy section */

/* Begin PBXFileReference section */
		87C7681B2589F85500B96333 /* TabVie.app */ = {isa = PBXFileReference; explicitFileType = wrapper.application; includeInIndex = 0; path = TabVie.app; sourceTree = BUILT_PRODUCTS_DIR; };
		87C7681E2589F85500B96333 /* AppDelegate.swift */ = {isa = PBXFileReference; lastKnownFileType = sourcecode.swift; path = AppDelegate.swift; sourceTree = "<group>"; };
		87C768202589F85500B96333 /* SceneDelegate.swift */ = {isa = PBXFileReference; lastKnownFileType = sourcecode.swift; path = SceneDelegate.swift; sourceTree = "<group>"; };
		87C768222589F85500B96333 /* ViewController.swift */ = {isa = PBXFileReference; lastKnownFileType = sourcecode.swift; path = ViewController.swift; sourceTree = "<group>"; };
		87C768252589F85500B96333 /* Base */ = {isa = PBXFileReference; lastKnownFileType = file.storyboard; name = Base; path = Base.lproj/Main.storyboard; sourceTree = "<group>"; };
		87C768272589F85800B96333 /* Assets.xcassets */ = {isa = PBXFileReference; lastKnownFileType = folder.assetcatalog; path = Assets.xcassets; sourceTree = "<group>"; };
		87C7682A2589F85800B96333 /* Base */ = {isa = PBXFileReference; lastKnownFileType = file.storyboard; name = Base; path = Base.lproj/LaunchScreen.storyboard; sourceTree = "<group>"; };
		87C7682C2589F85800B96333 /* Info.plist */ = {isa = PBXFileReference; lastKnownFileType = text.plist.xml; path = Info.plist; sourceTree = "<group>"; };
		87C768312589F85800B96333 /* TabVieTests.xctest */ = {isa = PBXFileReference; explicitFileType = wrapper.cfbundle; includeInIndex = 0; path = TabVieTests.xctest; sourceTree = BUILT_PRODUCTS_DIR; };
		87C768352589F85800B96333 /* TabVieTests.swift */ = {isa = PBXFileReference; lastKnownFileType = sourcecode.swift; path = TabVieTests.swift; sourceTree = "<group>"; };
		87C768372589F85800B96333 /* Info.plist */ = {isa = PBXFileReference; lastKnownFileType = text.plist.xml; path = Info.plist; sourceTree = "<group>"; };
		87C7683C2589F85800B96333 /* TabVieUITests.xctest */ = {isa = PBXFileReference; explicitFileType = wrapper.cfbundle; includeInIndex = 0; path = TabVieUITests.xctest; sourceTree = BUILT_PRODUCTS_DIR; };
		87C768402589F85800B96333 /* TabVieUITests.swift */ = {isa = PBXFileReference; lastKnownFileType = sourcecode.swift; path = TabVieUITests.swift; sourceTree = "<group>"; };
		87C768422589F85800B96333 /* Info.plist */ = {isa = PBXFileReference; lastKnownFileType = text.plist.xml; path = Info.plist; sourceTree = "<group>"; };
/* End PBXFileReference section */

/* Begin PBXFrameworksBuildPhase section */
		87C768182589F85400B96333 /* Frameworks */ = {
			isa = PBXFrameworksBuildPhase;
			buildActionMask = 2147483647;
			files = (
			);
			runOnlyForDeploymentPostprocessing = 0;
		};
		87C7682E2589F85800B96333 /* Frameworks */ = {
			isa = PBXFrameworksBuildPhase;
			buildActionMask = 2147483647;
			files = (
			);
			runOnlyForDeploymentPostprocessing = 0;
		};
		87C768392589F85800B96333 /* Frameworks */ = {
			isa = PBXFrameworksBuildPhase;
			buildActionMask = 2147483647;
			files = (
			);
			runOnlyForDeploymentPostprocessing = 0;
		};
/* End PBXFrameworksBuildPhase section */

/* Begin PBXGroup section */
		87C768122589F85400B96333 = {
			isa = PBXGroup;
			children = (
				87C7681D2589F85500B96333 /* TabVie */,
				87C768342589F85800B96333 /* TabVieTests */,
				87C7683F2589F85800B96333 /* TabVieUITests */,
				87C7681C2589F85500B96333 /* Products */,
			);
			sourceTree = "<group>";
		};
		87C7681C2589F85500B96333 /* Products */ = {
			isa = PBXGroup;
			children = (
				87C7681B2589F85500B96333 /* TabVie.app */,
				87C768312589F85800B96333 /* TabVieTests.xctest */,
				87C7683C2589F85800B96333 /* TabVieUITests.xctest */,
			);
			name = Products;
			sourceTree = "<group>";
		};
		87C7681D2589F85500B96333 /* TabVie */ = {
			isa = PBXGroup;
			children = (
				87C7681E2589F85500B96333 /* AppDelegate.swift */,
				87C768202589F85500B96333 /* SceneDelegate.swift */,
				87C768222589F85500B96333 /* ViewController.swift */,
				87C768242589F85500B96333 /* Main.storyboard */,
				87C768272589F85800B96333 /* Assets.xcassets */,
				87C768292589F85800B96333 /* LaunchScreen.storyboard */,
				87C7682C2589F85800B96333 /* Info.plist */,
			);
			path = TabVie;
			sourceTree = "<group>";
		};
		87C768342589F85800B96333 /* TabVieTests */ = {
			isa = PBXGroup;
			children = (
				87C768352589F85800B96333 /* TabVieTests.swift */,
				87C768372589F85800B96333 /* Info.plist */,
			);
			path = TabVieTests;
			sourceTree = "<group>";
		};
		87C7683F2589F85800B96333 /* TabVieUITests */ = {
			isa = PBXGroup;
			children = (
				87C768402589F85800B96333 /* TabVieUITests.swift */,
				87C768422589F85800B96333 /* Info.plist */,
			);
			path = TabVieUITests;
			sourceTree = "<group>";
		};
/* End PBXGroup section */

/* Begin PBXNativeTarget section */
		87C7681A2589F85400B96333 /* TabVie */ = {
			isa = PBXNativeTarget;
			buildConfigurationList = 87C768452589F85800B96333 /* Build configuration list for PBXNativeTarget "TabVie" */;
			buildPhases = (
				87C768172589F85400B96333 /* Sources */,
				87C768182589F85400B96333 /* Frameworks */,
				87C768192589F85400B96333 /* Resources */,
			);
			buildRules = (
			);
			dependencies = (
			);
			name = TabVie;
			productName = TabVie;
			productReference = 87C7681B2589F85500B96333 /* TabVie.app */;
			productType = "com.apple.product-type.application";
		};
		87C768302589F85800B96333 /* TabVieTests */ = {
			isa = PBXNativeTarget;
			buildConfigurationList = 87C768482589F85800B96333 /* Build configuration list for PBXNativeTarget "TabVieTests" */;
			buildPhases = (
				87C7682D2589F85800B96333 /* Sources */,
				87C7682E2589F85800B96333 /* Frameworks */,
				87C7682F2589F85800B96333 /* Resources */,
			);
			buildRules = (
			);
			dependencies = (
				87C768332589F85800B96333 /* PBXTargetDependency */,
			);
			name = TabVieTests;
			productName = TabVieTests;
			productReference = 87C768312589F85800B96333 /* TabVieTests.xctest */;
			productType = "com.apple.product-type.bundle.unit-test";
		};
		87C7683B2589F85800B96333 /* TabVieUITests */ = {
			isa = PBXNativeTarget;
			buildConfigurationList = 87C7684B2589F85800B96333 /* Build configuration list for PBXNativeTarget "TabVieUITests" */;
			buildPhases = (
				87C768382589F85800B96333 /* Sources */,
				87C768392589F85800B96333 /* Frameworks */,
				87C7683A2589F85800B96333 /* Resources */,
			);
			buildRules = (
			);
			dependencies = (
				87C7683E2589F85800B96333 /* PBXTargetDependency */,
			);
			name = TabVieUITests;
			productName = TabVieUITests;
			productReference = 87C7683C2589F85800B96333 /* TabVieUITests.xctest */;
			productType = "com.apple.product-type.bundle.ui-testing";
		};
/* End PBXNativeTarget section */

/* Begin PBXProject section */
		87C768132589F85400B96333 /* Project object */ = {
			isa = PBXProject;
			attributes = {
				LastSwiftUpdateCheck = 1230;
				LastUpgradeCheck = 1230;
				TargetAttributes = {
					87C7681A2589F85400B96333 = {
						CreatedOnToolsVersion = 12.3;
					};
					87C768302589F85800B96333 = {
						CreatedOnToolsVersion = 12.3;
						TestTargetID = 87C7681A2589F85400B96333;
					};
					87C7683B2589F85800B96333 = {
						CreatedOnToolsVersion = 12.3;
						TestTargetID = 87C7681A2589F85400B96333;
					};
				};
			};
			buildConfigurationList = 87C768162589F85400B96333 /* Build configuration list for PBXProject "TabVie" */;
			compatibilityVersion = "Xcode 9.3";
			developmentRegion = en;
			hasScannedForEncodings = 0;
			knownRegions = (
				en,
				Base,
			);
			mainGroup = 87C768122589F85400B96333;
			productRefGroup = 87C7681C2589F85500B96333 /* Products */;
			projectDirPath = "";
			projectRoot = "";
			targets = (
				87C7681A2589F85400B96333 /* TabVie */,
				87C768302589F85800B96333 /* TabVieTests */,
				87C7683B2589F85800B96333 /* TabVieUITests */,
			);
		};
/* End PBXProject section */

/* Begin PBXResourcesBuildPhase section */
		87C768192589F85400B96333 /* Resources */ = {
			isa = PBXResourcesBuildPhase;
			buildActionMask = 2147483647;
			files = (
				87C7682B2589F85800B96333 /* LaunchScreen.storyboard in Resources */,
				87C768282589F85800B96333 /* Assets.xcassets in Resources */,
				87C768262589F85500B96333 /* Main.storyboard in Resources */,
			);
			runOnlyForDeploymentPostprocessing = 0;
		};
		87C7682F2589F85800B96333 /* Resources */ = {
			isa = PBXResourcesBuildPhase;
			buildActionMask = 2147483647;
			files = (
			);
			runOnlyForDeploymentPostprocessing = 0;
		};
		87C7683A2589F85800B96333 /* Resources */ = {
			isa = PBXResourcesBuildPhase;
			buildActionMask = 2147483647;
			files = (
			);
			runOnlyForDeploymentPostprocessing = 0;
		};
/* End PBXResourcesBuildPhase section */

/* Begin PBXSourcesBuildPhase section */
		87C768172589F85400B96333 /* Sources */ = {
			isa = PBXSourcesBuildPhase;
			buildActionMask = 2147483647;
			files = (
				87C768232589F85500B96333 /* ViewController.swift in Sources */,
				87C7681F2589F85500B96333 /* AppDelegate.swift in Sources */,
				87C768212589F85500B96333 /* SceneDelegate.swift in Sources */,
			);
			runOnlyForDeploymentPostprocessing = 0;
		};
		87C7682D2589F85800B96333 /* Sources */ = {
			isa = PBXSourcesBuildPhase;
			buildActionMask = 2147483647;
			files = (
				87C768362589F85800B96333 /* TabVieTests.swift in Sources */,
			);
			runOnlyForDeploymentPostprocessing = 0;
		};
		87C768382589F85800B96333 /* Sources */ = {
			isa = PBXSourcesBuildPhase;
			buildActionMask = 2147483647;
			files = (
				87C768412589F85800B96333 /* TabVieUITests.swift in Sources */,
			);
			runOnlyForDeploymentPostprocessing = 0;
		};
/* End PBXSourcesBuildPhase section */

/* Begin PBXTargetDependency section */
		87C768332589F85800B96333 /* PBXTargetDependency */ = {
			isa = PBXTargetDependency;
			target = 87C7681A2589F85400B96333 /* TabVie */;
			targetProxy = 87C768322589F85800B96333 /* PBXContainerItemProxy */;
		};
		87C7683E2589F85800B96333 /* PBXTargetDependency */ = {
			isa = PBXTargetDependency;
			target = 87C7681A2589F85400B96333 /* TabVie */;
			targetProxy = 87C7683D2589F85800B96333 /* PBXContainerItemProxy */;
		};
/* End PBXTargetDependency section */

/* Begin PBXVariantGroup section */
		87C768242589F85500B96333 /* Main.storyboard */ = {
			isa = PBXVariantGroup;
			children = (
				87C768252589F85500B96333 /* Base */,
			);
			name = Main.storyboard;
			sourceTree = "<group>";
		};
		87C768292589F85800B96333 /* LaunchScreen.storyboard */ = {
			isa = PBXVariantGroup;
			children = (
				87C7682A2589F85800B96333 /* Base */,
			);
			name = LaunchScreen.storyboard;
			sourceTree = "<group>";
		};
/* End PBXVariantGroup section */

/* Begin XCBuildConfiguration section */
		87C768432589F85800B96333 /* Debug */ = {
			isa = XCBuildConfiguration;
			buildSettings = {
				ALWAYS_SEARCH_USER_PATHS = NO;
				CLANG_ANALYZER_NONNULL = YES;
				CLANG_ANALYZER_NUMBER_OBJECT_CONVERSION = YES_AGGRESSIVE;
				CLANG_CXX_LANGUAGE_STANDARD = "gnu++14";
				CLANG_CXX_LIBRARY = "libc++";
				CLANG_ENABLE_MODULES = YES;
				CLANG_ENABLE_OBJC_ARC = YES;
				CLANG_ENABLE_OBJC_WEAK = YES;
				CLANG_WARN_BLOCK_CAPTURE_AUTORELEASING = YES;
				CLANG_WARN_BOOL_CONVERSION = YES;
				CLANG_WARN_COMMA = YES;
				CLANG_WARN_CONSTANT_CONVERSION = YES;
				CLANG_WARN_DEPRECATED_OBJC_IMPLEMENTATIONS = YES;
				CLANG_WARN_DIRECT_OBJC_ISA_USAGE = YES_ERROR;
				CLANG_WARN_DOCUMENTATION_COMMENTS = YES;
				CLANG_WARN_EMPTY_BODY = YES;
				CLANG_WARN_ENUM_CONVERSION = YES;
				CLANG_WARN_INFINITE_RECURSION = YES;
				CLANG_WARN_INT_CONVERSION = YES;
				CLANG_WARN_NON_LITERAL_NULL_CONVERSION = YES;
				CLANG_WARN_OBJC_IMPLICIT_RETAIN_SELF = YES;
				CLANG_WARN_OBJC_LITERAL_CONVERSION = YES;
				CLANG_WARN_OBJC_ROOT_CLASS = YES_ERROR;
				CLANG_WARN_QUOTED_INCLUDE_IN_FRAMEWORK_HEADER = YES;
				CLANG_WARN_RANGE_LOOP_ANALYSIS = YES;
				CLANG_WARN_STRICT_PROTOTYPES = YES;
				CLANG_WARN_SUSPICIOUS_MOVE = YES;
				CLANG_WARN_UNGUARDED_AVAILABILITY = YES_AGGRESSIVE;
				CLANG_WARN_UNREACHABLE_CODE = YES;
				CLANG_WARN__DUPLICATE_METHOD_MATCH = YES;
				COPY_PHASE_STRIP = NO;
				DEBUG_INFORMATION_FORMAT = dwarf;
				ENABLE_STRICT_OBJC_MSGSEND = YES;
				ENABLE_TESTABILITY = YES;
				GCC_C_LANGUAGE_STANDARD = gnu11;
				GCC_DYNAMIC_NO_PIC = NO;
				GCC_NO_COMMON_BLOCKS = YES;
				GCC_OPTIMIZATION_LEVEL = 0;
				GCC_PREPROCESSOR_DEFINITIONS = (
					"DEBUG=1",
					"$(inherited)",
				);
				GCC_WARN_64_TO_32_BIT_CONVERSION = YES;
				GCC_WARN_ABOUT_RETURN_TYPE = YES_ERROR;
				GCC_WARN_UNDECLARED_SELECTOR = YES;
				GCC_WARN_UNINITIALIZED_AUTOS = YES_AGGRESSIVE;
				GCC_WARN_UNUSED_FUNCTION = YES;
				GCC_WARN_UNUSED_VARIABLE = YES;
				IPHONEOS_DEPLOYMENT_TARGET = 14.3;
				MTL_ENABLE_DEBUG_INFO = INCLUDE_SOURCE;
				MTL_FAST_MATH = YES;
				ONLY_ACTIVE_ARCH = YES;
				SDKROOT = iphoneos;
				SWIFT_ACTIVE_COMPILATION_CONDITIONS = DEBUG;
				SWIFT_OPTIMIZATION_LEVEL = "-Onone";
			};
			name = Debug;
		};
		87C768442589F85800B96333 /* Release */ = {
			isa = XCBuildConfiguration;
			buildSettings = {
				ALWAYS_SEARCH_USER_PATHS = NO;
				CLANG_ANALYZER_NONNULL = YES;
				CLANG_ANALYZER_NUMBER_OBJECT_CONVERSION = YES_AGGRESSIVE;
				CLANG_CXX_LANGUAGE_STANDARD = "gnu++14";
				CLANG_CXX_LIBRARY = "libc++";
				CLANG_ENABLE_MODULES = YES;
				CLANG_ENABLE_OBJC_ARC = YES;
				CLANG_ENABLE_OBJC_WEAK = YES;
				CLANG_WARN_BLOCK_CAPTURE_AUTORELEASING = YES;
				CLANG_WARN_BOOL_CONVERSION = YES;
				CLANG_WARN_COMMA = YES;
				CLANG_WARN_CONSTANT_CONVERSION = YES;
				CLANG_WARN_DEPRECATED_OBJC_IMPLEMENTATIONS = YES;
				CLANG_WARN_DIRECT_OBJC_ISA_USAGE = YES_ERROR;
				CLANG_WARN_DOCUMENTATION_COMMENTS = YES;
				CLANG_WARN_EMPTY_BODY = YES;
				CLANG_WARN_ENUM_CONVERSION = YES;
				CLANG_WARN_INFINITE_RECURSION = YES;
				CLANG_WARN_INT_CONVERSION = YES;
				CLANG_WARN_NON_LITERAL_NULL_CONVERSION = YES;
				CLANG_WARN_OBJC_IMPLICIT_RETAIN_SELF = YES;
				CLANG_WARN_OBJC_LITERAL_CONVERSION = YES;
				CLANG_WARN_OBJC_ROOT_CLASS = YES_ERROR;
				CLANG_WARN_QUOTED_INCLUDE_IN_FRAMEWORK_HEADER = YES;
				CLANG_WARN_RANGE_LOOP_ANALYSIS = YES;
				CLANG_WARN_STRICT_PROTOTYPES = YES;
				CLANG_WARN_SUSPICIOUS_MOVE = YES;
				CLANG_WARN_UNGUARDED_AVAILABILITY = YES_AGGRESSIVE;
				CLANG_WARN_UNREACHABLE_CODE = YES;
				CLANG_WARN__DUPLICATE_METHOD_MATCH = YES;
				COPY_PHASE_STRIP = NO;
				DEBUG_INFORMATION_FORMAT = "dwarf-with-dsym";
				ENABLE_NS_ASSERTIONS = NO;
				ENABLE_STRICT_OBJC_MSGSEND = YES;
				GCC_C_LANGUAGE_STANDARD = gnu11;
				GCC_NO_COMMON_BLOCKS = YES;
				GCC_WARN_64_TO_32_BIT_CONVERSION = YES;
				GCC_WARN_ABOUT_RETURN_TYPE = YES_ERROR;
				GCC_WARN_UNDECLARED_SELECTOR = YES;
				GCC_WARN_UNINITIALIZED_AUTOS = YES_AGGRESSIVE;
				GCC_WARN_UNUSED_FUNCTION = YES;
				GCC_WARN_UNUSED_VARIABLE = YES;
				IPHONEOS_DEPLOYMENT_TARGET = 14.3;
				MTL_ENABLE_DEBUG_INFO = NO;
				MTL_FAST_MATH = YES;
				SDKROOT = iphoneos;
				SWIFT_COMPILATION_MODE = wholemodule;
				SWIFT_OPTIMIZATION_LEVEL = "-O";
				VALIDATE_PRODUCT = YES;
			};
			name = Release;
		};
		87C768462589F85800B96333 /* Debug */ = {
			isa = XCBuildConfiguration;
			buildSettings = {
				ASSETCATALOG_COMPILER_APPICON_NAME = AppIcon;
				ASSETCATALOG_COMPILER_GLOBAL_ACCENT_COLOR_NAME = AccentColor;
				CODE_SIGN_STYLE = Automatic;
				DEVELOPMENT_TEAM = JC6AT8Q44G;
				INFOPLIST_FILE = TabVie/Info.plist;
				LD_RUNPATH_SEARCH_PATHS = (
					"$(inherited)",
					"@executable_path/Frameworks",
				);
				PRODUCT_BUNDLE_IDENTIFIER = com.exemple.TabVie;
				PRODUCT_NAME = "$(TARGET_NAME)";
				SWIFT_VERSION = 5.0;
				TARGETED_DEVICE_FAMILY = "1,2";
			};
			name = Debug;
		};
		87C768472589F85800B96333 /* Release */ = {
			isa = XCBuildConfiguration;
			buildSettings = {
				ASSETCATALOG_COMPILER_APPICON_NAME = AppIcon;
				ASSETCATALOG_COMPILER_GLOBAL_ACCENT_COLOR_NAME = AccentColor;
				CODE_SIGN_STYLE = Automatic;
				DEVELOPMENT_TEAM = JC6AT8Q44G;
				INFOPLIST_FILE = TabVie/Info.plist;
				LD_RUNPATH_SEARCH_PATHS = (
					"$(inherited)",
					"@executable_path/Frameworks",
				);
				PRODUCT_BUNDLE_IDENTIFIER = com.exemple.TabVie;
				PRODUCT_NAME = "$(TARGET_NAME)";
				SWIFT_VERSION = 5.0;
				TARGETED_DEVICE_FAMILY = "1,2";
			};
			name = Release;
		};
		87C768492589F85800B96333 /* Debug */ = {
			isa = XCBuildConfiguration;
			buildSettings = {
				ALWAYS_EMBED_SWIFT_STANDARD_LIBRARIES = YES;
				BUNDLE_LOADER = "$(TEST_HOST)";
				CODE_SIGN_STYLE = Automatic;
				DEVELOPMENT_TEAM = JC6AT8Q44G;
				INFOPLIST_FILE = TabVieTests/Info.plist;
				IPHONEOS_DEPLOYMENT_TARGET = 14.3;
				LD_RUNPATH_SEARCH_PATHS = (
					"$(inherited)",
					"@executable_path/Frameworks",
					"@loader_path/Frameworks",
				);
				PRODUCT_BUNDLE_IDENTIFIER = com.exemple.TabVieTests;
				PRODUCT_NAME = "$(TARGET_NAME)";
				SWIFT_VERSION = 5.0;
				TARGETED_DEVICE_FAMILY = "1,2";
				TEST_HOST = "$(BUILT_PRODUCTS_DIR)/TabVie.app/TabVie";
			};
			name = Debug;
		};
		87C7684A2589F85800B96333 /* Release */ = {
			isa = XCBuildConfiguration;
			buildSettings = {
				ALWAYS_EMBED_SWIFT_STANDARD_LIBRARIES = YES;
				BUNDLE_LOADER = "$(TEST_HOST)";
				CODE_SIGN_STYLE = Automatic;
				DEVELOPMENT_TEAM = JC6AT8Q44G;
				INFOPLIST_FILE = TabVieTests/Info.plist;
				IPHONEOS_DEPLOYMENT_TARGET = 14.3;
				LD_RUNPATH_SEARCH_PATHS = (
					"$(inherited)",
					"@executable_path/Frameworks",
					"@loader_path/Frameworks",
				);
				PRODUCT_BUNDLE_IDENTIFIER = com.exemple.TabVieTests;
				PRODUCT_NAME = "$(TARGET_NAME)";
				SWIFT_VERSION = 5.0;
				TARGETED_DEVICE_FAMILY = "1,2";
				TEST_HOST = "$(BUILT_PRODUCTS_DIR)/TabVie.app/TabVie";
			};
			name = Release;
		};
		87C7684C2589F85800B96333 /* Debug */ = {
			isa = XCBuildConfiguration;
			buildSettings = {
				ALWAYS_EMBED_SWIFT_STANDARD_LIBRARIES = YES;
				CODE_SIGN_STYLE = Automatic;
				DEVELOPMENT_TEAM = JC6AT8Q44G;
				INFOPLIST_FILE = TabVieUITests/Info.plist;
				LD_RUNPATH_SEARCH_PATHS = (
					"$(inherited)",
					"@executable_path/Frameworks",
					"@loader_path/Frameworks",
				);
				PRODUCT_BUNDLE_IDENTIFIER = com.exemple.TabVieUITests;
				PRODUCT_NAME = "$(TARGET_NAME)";
				SWIFT_VERSION = 5.0;
				TARGETED_DEVICE_FAMILY = "1,2";
				TEST_TARGET_NAME = TabVie;
			};
			name = Debug;
		};
		87C7684D2589F85800B96333 /* Release */ = {
			isa = XCBuildConfiguration;
			buildSettings = {
				ALWAYS_EMBED_SWIFT_STANDARD_LIBRARIES = YES;
				CODE_SIGN_STYLE = Automatic;
				DEVELOPMENT_TEAM = JC6AT8Q44G;
				INFOPLIST_FILE = TabVieUITests/Info.plist;
				LD_RUNPATH_SEARCH_PATHS = (
					"$(inherited)",
					"@executable_path/Frameworks",
					"@loader_path/Frameworks",
				);
				PRODUCT_BUNDLE_IDENTIFIER = com.exemple.TabVieUITests;
				PRODUCT_NAME = "$(TARGET_NAME)";
				SWIFT_VERSION = 5.0;
				TARGETED_DEVICE_FAMILY = "1,2";
				TEST_TARGET_NAME = TabVie;
			};
			name = Release;
		};
/* End XCBuildConfiguration section */

/* Begin XCConfigurationList section */
		87C768162589F85400B96333 /* Build configuration list for PBXProject "TabVie" */ = {
			isa = XCConfigurationList;
			buildConfigurations = (
				87C768432589F85800B96333 /* Debug */,
				87C768442589F85800B96333 /* Release */,
			);
			defaultConfigurationIsVisible = 0;
			defaultConfigurationName = Release;
		};
		87C768452589F85800B96333 /* Build configuration list for PBXNativeTarget "TabVie" */ = {
			isa = XCConfigurationList;
			buildConfigurations = (
				87C768462589F85800B96333 /* Debug */,
				87C768472589F85800B96333 /* Release */,
			);
			defaultConfigurationIsVisible = 0;
			defaultConfigurationName = Release;
		};
		87C768482589F85800B96333 /* Build configuration list for PBXNativeTarget "TabVieTests" */ = {
			isa = XCConfigurationList;
			buildConfigurations = (
				87C768492589F85800B96333 /* Debug */,
				87C7684A2589F85800B96333 /* Release */,
			);
			defaultConfigurationIsVisible = 0;
			defaultConfigurationName = Release;
		};
		87C7684B2589F85800B96333 /* Build configuration list for PBXNativeTarget "TabVieUITests" */ = {
			isa = XCConfigurationList;
			buildConfigurations = (
				87C7684C2589F85800B96333 /* Debug */,
				87C7684D2589F85800B96333 /* Release */,
			);
			defaultConfigurationIsVisible = 0;
			defaultConfigurationName = Release;
		};
/* End XCConfigurationList section */
	};
	rootObject = 87C768132589F85400B96333 /* Project object */;
}
